{
  "pins" : [
    {
      "identity" : "amplitude-ios",
      "kind" : "remoteSourceControl",
      "location" : "https://github.com/amplitude/Amplitude-iOS",
      "state" : {
        "revision" : "94160a550835e6f0a1df9fa76ab3902ac4648a9c",
        "version" : "8.17.1"
      }
    },
    {
      "identity" : "analytics-connector-ios",
      "kind" : "remoteSourceControl",
      "location" : "https://github.com/amplitude/analytics-connector-ios.git",
      "state" : {
        "revision" : "d2f3ec4b022211a67d5d4509135d84359f7f8b8d",
        "version" : "1.0.2"
      }
    },
    {
      "identity" : "experiment-ios-client",
      "kind" : "remoteSourceControl",
      "location" : "https://github.com/amplitude/experiment-ios-client",
      "state" : {
        "revision" : "e2909462c1f4be3df5b3d27ca535f6500ef5f101",
        "version" : "1.11.0"
      }
    }
  ],
  "version" : 2
}
